// !$*UTF8*$!
{
	archiveVersion = 1;
	classes = {
	};
	objectVersion = 46;
	objects = {

/* Begin PBXBuildFile section */
		904DBBA218FEAFF800A523DA /* Foundation.framework in Frameworks */ = {isa = PBXBuildFile; fileRef = 904DBBA118FEAFF800A523DA /* Foundation.framework */; };
		904DBBA418FEAFF900A523DA /* CoreGraphics.framework in Frameworks */ = {isa = PBXBuildFile; fileRef = 904DBBA318FEAFF900A523DA /* CoreGraphics.framework */; };
		904DBBA618FEAFF900A523DA /* UIKit.framework in Frameworks */ = {isa = PBXBuildFile; fileRef = 904DBBA518FEAFF900A523DA /* UIKit.framework */; };
		904DBBAC18FEAFF900A523DA /* InfoPlist.strings in Resources */ = {isa = PBXBuildFile; fileRef = 904DBBAA18FEAFF900A523DA /* InfoPlist.strings */; };
		904DBBAE18FEAFF900A523DA /* main.m in Sources */ = {isa = PBXBuildFile; fileRef = 904DBBAD18FEAFF900A523DA /* main.m */; };
		904DBBB218FEAFF900A523DA /* AppDelegate.m in Sources */ = {isa = PBXBuildFile; fileRef = 904DBBB118FEAFF900A523DA /* AppDelegate.m */; };
		904DBBB518FEAFF900A523DA /* Main.storyboard in Resources */ = {isa = PBXBuildFile; fileRef = 904DBBB318FEAFF900A523DA /* Main.storyboard */; };
		904DBBC418FEAFF900A523DA /* XCTest.framework in Frameworks */ = {isa = PBXBuildFile; fileRef = 904DBBC318FEAFF900A523DA /* XCTest.framework */; };
		904DBBC518FEAFF900A523DA /* Foundation.framework in Frameworks */ = {isa = PBXBuildFile; fileRef = 904DBBA118FEAFF800A523DA /* Foundation.framework */; };
		904DBBC618FEAFF900A523DA /* UIKit.framework in Frameworks */ = {isa = PBXBuildFile; fileRef = 904DBBA518FEAFF900A523DA /* UIKit.framework */; };
		904DBBCE18FEAFF900A523DA /* InfoPlist.strings in Resources */ = {isa = PBXBuildFile; fileRef = 904DBBCC18FEAFF900A523DA /* InfoPlist.strings */; };
		904DBBD018FEAFF900A523DA /* iWantTests.m in Sources */ = {isa = PBXBuildFile; fileRef = 904DBBCF18FEAFF900A523DA /* iWantTests.m */; };
		904DBBEF18FEB5EB00A523DA /* Default-568h@2x.png in Resources */ = {isa = PBXBuildFile; fileRef = 904DBBDD18FEB5EB00A523DA /* Default-568h@2x.png */; };
		904DBBF018FEB5EB00A523DA /* Default.png in Resources */ = {isa = PBXBuildFile; fileRef = 904DBBDE18FEB5EB00A523DA /* Default.png */; };
		904DBBF118FEB5EB00A523DA /* Default@2x.png in Resources */ = {isa = PBXBuildFile; fileRef = 904DBBDF18FEB5EB00A523DA /* Default@2x.png */; };
		904DBBF218FEB5EB00A523DA /* Icon-60.png in Resources */ = {isa = PBXBuildFile; fileRef = 904DBBE018FEB5EB00A523DA /* Icon-60.png */; };
		904DBBF318FEB5EB00A523DA /* Icon-60@2x.png in Resources */ = {isa = PBXBuildFile; fileRef = 904DBBE118FEB5EB00A523DA /* Icon-60@2x.png */; };
		904DBBF418FEB5EB00A523DA /* Icon-72.png in Resources */ = {isa = PBXBuildFile; fileRef = 904DBBE218FEB5EB00A523DA /* Icon-72.png */; };
		904DBBF518FEB5EB00A523DA /* Icon-72@2x.png in Resources */ = {isa = PBXBuildFile; fileRef = 904DBBE318FEB5EB00A523DA /* Icon-72@2x.png */; };
		904DBBF618FEB5EB00A523DA /* Icon-76.png in Resources */ = {isa = PBXBuildFile; fileRef = 904DBBE418FEB5EB00A523DA /* Icon-76.png */; };
		904DBBF718FEB5EB00A523DA /* Icon-76@2x.png in Resources */ = {isa = PBXBuildFile; fileRef = 904DBBE518FEB5EB00A523DA /* Icon-76@2x.png */; };
		904DBBF818FEB5EB00A523DA /* Icon-Small-50.png in Resources */ = {isa = PBXBuildFile; fileRef = 904DBBE618FEB5EB00A523DA /* Icon-Small-50.png */; };
		904DBBF918FEB5EB00A523DA /* Icon-Small-50@2x.png in Resources */ = {isa = PBXBuildFile; fileRef = 904DBBE718FEB5EB00A523DA /* Icon-Small-50@2x.png */; };
		904DBBFA18FEB5EB00A523DA /* Icon-Small.png in Resources */ = {isa = PBXBuildFile; fileRef = 904DBBE818FEB5EB00A523DA /* Icon-Small.png */; };
		904DBBFB18FEB5EB00A523DA /* Icon-Small@2x.png in Resources */ = {isa = PBXBuildFile; fileRef = 904DBBE918FEB5EB00A523DA /* Icon-Small@2x.png */; };
		904DBBFC18FEB5EB00A523DA /* Icon-Spotlight-40.png in Resources */ = {isa = PBXBuildFile; fileRef = 904DBBEA18FEB5EB00A523DA /* Icon-Spotlight-40.png */; };
		904DBBFD18FEB5EB00A523DA /* Icon-Spotlight-40@2x.png in Resources */ = {isa = PBXBuildFile; fileRef = 904DBBEB18FEB5EB00A523DA /* Icon-Spotlight-40@2x.png */; };
		904DBBFE18FEB5EB00A523DA /* Icon.png in Resources */ = {isa = PBXBuildFile; fileRef = 904DBBEC18FEB5EB00A523DA /* Icon.png */; };
		904DBBFF18FEB5EB00A523DA /* Icon@2x.png in Resources */ = {isa = PBXBuildFile; fileRef = 904DBBED18FEB5EB00A523DA /* Icon@2x.png */; };
		904DBC0218FEB66C00A523DA /* BaseViewController.m in Sources */ = {isa = PBXBuildFile; fileRef = 904DBC0118FEB66C00A523DA /* BaseViewController.m */; };
		904DBC0518FEB6B200A523DA /* NearByNeedsViewController.m in Sources */ = {isa = PBXBuildFile; fileRef = 904DBC0418FEB6B200A523DA /* NearByNeedsViewController.m */; };
		904DBC0818FEB6D000A523DA /* MyNeedsViewController.m in Sources */ = {isa = PBXBuildFile; fileRef = 904DBC0718FEB6D000A523DA /* MyNeedsViewController.m */; };
		904DBC0B18FEB6DD00A523DA /* SettingsViewController.m in Sources */ = {isa = PBXBuildFile; fileRef = 904DBC0A18FEB6DD00A523DA /* SettingsViewController.m */; };
		90CCF222190699F300D6064A /* UpdateProfileViewController.m in Sources */ = {isa = PBXBuildFile; fileRef = 90CCF221190699F300D6064A /* UpdateProfileViewController.m */; };
		90CCF2251906A3AE00D6064A /* UpdatePasswordViewController.m in Sources */ = {isa = PBXBuildFile; fileRef = 90CCF2241906A3AE00D6064A /* UpdatePasswordViewController.m */; };
		90CCF2281906A7E700D6064A /* ProfileViewController.m in Sources */ = {isa = PBXBuildFile; fileRef = 90CCF2271906A7E700D6064A /* ProfileViewController.m */; };
		90E188C11901869E00C900DF /* MOBase.m in Sources */ = {isa = PBXBuildFile; fileRef = 90E188C01901869E00C900DF /* MOBase.m */; };
		90E188C4190186D600C900DF /* MOLogin.m in Sources */ = {isa = PBXBuildFile; fileRef = 90E188C3190186D600C900DF /* MOLogin.m */; };
		90E188CA1901878000C900DF /* ApiKit.m in Sources */ = {isa = PBXBuildFile; fileRef = 90E188C91901878000C900DF /* ApiKit.m */; };
		90E188D019018CD700C900DF /* MOUserInfo.m in Sources */ = {isa = PBXBuildFile; fileRef = 90E188CF19018CD700C900DF /* MOUserInfo.m */; };
		90E188D319018F6400C900DF /* RegisterViewController.m in Sources */ = {isa = PBXBuildFile; fileRef = 90E188D219018F6400C900DF /* RegisterViewController.m */; };
		90E188D619018F7000C900DF /* LoginViewController.m in Sources */ = {isa = PBXBuildFile; fileRef = 90E188D519018F7000C900DF /* LoginViewController.m */; };
		BB3F3153392F4F87826DF513 /* libPods.a in Frameworks */ = {isa = PBXBuildFile; fileRef = 457860DC5B0F4647ACB41601 /* libPods.a */; };
/* End PBXBuildFile section */

/* Begin PBXContainerItemProxy section */
		904DBBC718FEAFF900A523DA /* PBXContainerItemProxy */ = {
			isa = PBXContainerItemProxy;
			containerPortal = 904DBB9618FEAFF800A523DA /* Project object */;
			proxyType = 1;
			remoteGlobalIDString = 904DBB9D18FEAFF800A523DA;
			remoteInfo = iWant;
		};
/* End PBXContainerItemProxy section */

/* Begin PBXFileReference section */
		457860DC5B0F4647ACB41601 /* libPods.a */ = {isa = PBXFileReference; explicitFileType = archive.ar; includeInIndex = 0; path = libPods.a; sourceTree = BUILT_PRODUCTS_DIR; };
		85B82DE3960D46C296884F0E /* Pods.xcconfig */ = {isa = PBXFileReference; includeInIndex = 1; lastKnownFileType = text.xcconfig; name = Pods.xcconfig; path = Pods/Pods.xcconfig; sourceTree = "<group>"; };
		904DBB9E18FEAFF800A523DA /* iWant.app */ = {isa = PBXFileReference; explicitFileType = wrapper.application; includeInIndex = 0; path = iWant.app; sourceTree = BUILT_PRODUCTS_DIR; };
		904DBBA118FEAFF800A523DA /* Foundation.framework */ = {isa = PBXFileReference; lastKnownFileType = wrapper.framework; name = Foundation.framework; path = System/Library/Frameworks/Foundation.framework; sourceTree = SDKROOT; };
		904DBBA318FEAFF900A523DA /* CoreGraphics.framework */ = {isa = PBXFileReference; lastKnownFileType = wrapper.framework; name = CoreGraphics.framework; path = System/Library/Frameworks/CoreGraphics.framework; sourceTree = SDKROOT; };
		904DBBA518FEAFF900A523DA /* UIKit.framework */ = {isa = PBXFileReference; lastKnownFileType = wrapper.framework; name = UIKit.framework; path = System/Library/Frameworks/UIKit.framework; sourceTree = SDKROOT; };
		904DBBA918FEAFF900A523DA /* iWant-Info.plist */ = {isa = PBXFileReference; fileEncoding = 4; lastKnownFileType = text.plist.xml; path = "iWant-Info.plist"; sourceTree = "<group>"; };
		904DBBAB18FEAFF900A523DA /* en */ = {isa = PBXFileReference; lastKnownFileType = text.plist.strings; name = en; path = en.lproj/InfoPlist.strings; sourceTree = "<group>"; };
		904DBBAD18FEAFF900A523DA /* main.m */ = {isa = PBXFileReference; lastKnownFileType = sourcecode.c.objc; path = main.m; sourceTree = "<group>"; };
		904DBBAF18FEAFF900A523DA /* iWant-Prefix.pch */ = {isa = PBXFileReference; lastKnownFileType = sourcecode.c.h; path = "iWant-Prefix.pch"; sourceTree = "<group>"; };
		904DBBB018FEAFF900A523DA /* AppDelegate.h */ = {isa = PBXFileReference; lastKnownFileType = sourcecode.c.h; path = AppDelegate.h; sourceTree = "<group>"; };
		904DBBB118FEAFF900A523DA /* AppDelegate.m */ = {isa = PBXFileReference; lastKnownFileType = sourcecode.c.objc; path = AppDelegate.m; sourceTree = "<group>"; };
		904DBBB418FEAFF900A523DA /* Base */ = {isa = PBXFileReference; lastKnownFileType = file.storyboard; name = Base; path = Base.lproj/Main.storyboard; sourceTree = "<group>"; };
		904DBBC218FEAFF900A523DA /* iWantTests.xctest */ = {isa = PBXFileReference; explicitFileType = wrapper.cfbundle; includeInIndex = 0; path = iWantTests.xctest; sourceTree = BUILT_PRODUCTS_DIR; };
		904DBBC318FEAFF900A523DA /* XCTest.framework */ = {isa = PBXFileReference; lastKnownFileType = wrapper.framework; name = XCTest.framework; path = Library/Frameworks/XCTest.framework; sourceTree = DEVELOPER_DIR; };
		904DBBCB18FEAFF900A523DA /* iWantTests-Info.plist */ = {isa = PBXFileReference; lastKnownFileType = text.plist.xml; path = "iWantTests-Info.plist"; sourceTree = "<group>"; };
		904DBBCD18FEAFF900A523DA /* en */ = {isa = PBXFileReference; lastKnownFileType = text.plist.strings; name = en; path = en.lproj/InfoPlist.strings; sourceTree = "<group>"; };
		904DBBCF18FEAFF900A523DA /* iWantTests.m */ = {isa = PBXFileReference; lastKnownFileType = sourcecode.c.objc; path = iWantTests.m; sourceTree = "<group>"; };
		904DBBD918FEB0AF00A523DA /* zh-Hans */ = {isa = PBXFileReference; lastKnownFileType = text.plist.strings; name = "zh-Hans"; path = "zh-Hans.lproj/InfoPlist.strings"; sourceTree = "<group>"; };
		904DBBDD18FEB5EB00A523DA /* Default-568h@2x.png */ = {isa = PBXFileReference; lastKnownFileType = image.png; path = "Default-568h@2x.png"; sourceTree = "<group>"; };
		904DBBDE18FEB5EB00A523DA /* Default.png */ = {isa = PBXFileReference; lastKnownFileType = image.png; path = Default.png; sourceTree = "<group>"; };
		904DBBDF18FEB5EB00A523DA /* Default@2x.png */ = {isa = PBXFileReference; lastKnownFileType = image.png; path = "Default@2x.png"; sourceTree = "<group>"; };
		904DBBE018FEB5EB00A523DA /* Icon-60.png */ = {isa = PBXFileReference; lastKnownFileType = image.png; path = "Icon-60.png"; sourceTree = "<group>"; };
		904DBBE118FEB5EB00A523DA /* Icon-60@2x.png */ = {isa = PBXFileReference; lastKnownFileType = image.png; path = "Icon-60@2x.png"; sourceTree = "<group>"; };
		904DBBE218FEB5EB00A523DA /* Icon-72.png */ = {isa = PBXFileReference; lastKnownFileType = image.png; path = "Icon-72.png"; sourceTree = "<group>"; };
		904DBBE318FEB5EB00A523DA /* Icon-72@2x.png */ = {isa = PBXFileReference; lastKnownFileType = image.png; path = "Icon-72@2x.png"; sourceTree = "<group>"; };
		904DBBE418FEB5EB00A523DA /* Icon-76.png */ = {isa = PBXFileReference; lastKnownFileType = image.png; path = "Icon-76.png"; sourceTree = "<group>"; };
		904DBBE518FEB5EB00A523DA /* Icon-76@2x.png */ = {isa = PBXFileReference; lastKnownFileType = image.png; path = "Icon-76@2x.png"; sourceTree = "<group>"; };
		904DBBE618FEB5EB00A523DA /* Icon-Small-50.png */ = {isa = PBXFileReference; lastKnownFileType = image.png; path = "Icon-Small-50.png"; sourceTree = "<group>"; };
		904DBBE718FEB5EB00A523DA /* Icon-Small-50@2x.png */ = {isa = PBXFileReference; lastKnownFileType = image.png; path = "Icon-Small-50@2x.png"; sourceTree = "<group>"; };
		904DBBE818FEB5EB00A523DA /* Icon-Small.png */ = {isa = PBXFileReference; lastKnownFileType = image.png; path = "Icon-Small.png"; sourceTree = "<group>"; };
		904DBBE918FEB5EB00A523DA /* Icon-Small@2x.png */ = {isa = PBXFileReference; lastKnownFileType = image.png; path = "Icon-Small@2x.png"; sourceTree = "<group>"; };
		904DBBEA18FEB5EB00A523DA /* Icon-Spotlight-40.png */ = {isa = PBXFileReference; lastKnownFileType = image.png; path = "Icon-Spotlight-40.png"; sourceTree = "<group>"; };
		904DBBEB18FEB5EB00A523DA /* Icon-Spotlight-40@2x.png */ = {isa = PBXFileReference; lastKnownFileType = image.png; path = "Icon-Spotlight-40@2x.png"; sourceTree = "<group>"; };
		904DBBEC18FEB5EB00A523DA /* Icon.png */ = {isa = PBXFileReference; lastKnownFileType = image.png; path = Icon.png; sourceTree = "<group>"; };
		904DBBED18FEB5EB00A523DA /* Icon@2x.png */ = {isa = PBXFileReference; lastKnownFileType = image.png; path = "Icon@2x.png"; sourceTree = "<group>"; };
		904DBC0018FEB66C00A523DA /* BaseViewController.h */ = {isa = PBXFileReference; fileEncoding = 4; lastKnownFileType = sourcecode.c.h; path = BaseViewController.h; sourceTree = "<group>"; };
		904DBC0118FEB66C00A523DA /* BaseViewController.m */ = {isa = PBXFileReference; fileEncoding = 4; lastKnownFileType = sourcecode.c.objc; path = BaseViewController.m; sourceTree = "<group>"; };
		904DBC0318FEB6B200A523DA /* NearByNeedsViewController.h */ = {isa = PBXFileReference; fileEncoding = 4; lastKnownFileType = sourcecode.c.h; path = NearByNeedsViewController.h; sourceTree = "<group>"; };
		904DBC0418FEB6B200A523DA /* NearByNeedsViewController.m */ = {isa = PBXFileReference; fileEncoding = 4; lastKnownFileType = sourcecode.c.objc; path = NearByNeedsViewController.m; sourceTree = "<group>"; };
		904DBC0618FEB6D000A523DA /* MyNeedsViewController.h */ = {isa = PBXFileReference; fileEncoding = 4; lastKnownFileType = sourcecode.c.h; path = MyNeedsViewController.h; sourceTree = "<group>"; };
		904DBC0718FEB6D000A523DA /* MyNeedsViewController.m */ = {isa = PBXFileReference; fileEncoding = 4; lastKnownFileType = sourcecode.c.objc; path = MyNeedsViewController.m; sourceTree = "<group>"; };
		904DBC0918FEB6DD00A523DA /* SettingsViewController.h */ = {isa = PBXFileReference; fileEncoding = 4; lastKnownFileType = sourcecode.c.h; path = SettingsViewController.h; sourceTree = "<group>"; };
		904DBC0A18FEB6DD00A523DA /* SettingsViewController.m */ = {isa = PBXFileReference; fileEncoding = 4; lastKnownFileType = sourcecode.c.objc; path = SettingsViewController.m; sourceTree = "<group>"; };
		90CCF220190699F300D6064A /* UpdateProfileViewController.h */ = {isa = PBXFileReference; fileEncoding = 4; lastKnownFileType = sourcecode.c.h; path = UpdateProfileViewController.h; sourceTree = "<group>"; };
		90CCF221190699F300D6064A /* UpdateProfileViewController.m */ = {isa = PBXFileReference; fileEncoding = 4; lastKnownFileType = sourcecode.c.objc; path = UpdateProfileViewController.m; sourceTree = "<group>"; };
		90CCF2231906A3AE00D6064A /* UpdatePasswordViewController.h */ = {isa = PBXFileReference; fileEncoding = 4; lastKnownFileType = sourcecode.c.h; path = UpdatePasswordViewController.h; sourceTree = "<group>"; };
		90CCF2241906A3AE00D6064A /* UpdatePasswordViewController.m */ = {isa = PBXFileReference; fileEncoding = 4; lastKnownFileType = sourcecode.c.objc; path = UpdatePasswordViewController.m; sourceTree = "<group>"; };
		90CCF2261906A7E700D6064A /* ProfileViewController.h */ = {isa = PBXFileReference; fileEncoding = 4; lastKnownFileType = sourcecode.c.h; path = ProfileViewController.h; sourceTree = "<group>"; };
		90CCF2271906A7E700D6064A /* ProfileViewController.m */ = {isa = PBXFileReference; fileEncoding = 4; lastKnownFileType = sourcecode.c.objc; path = ProfileViewController.m; sourceTree = "<group>"; };
		90E188BF1901869E00C900DF /* MOBase.h */ = {isa = PBXFileReference; fileEncoding = 4; lastKnownFileType = sourcecode.c.h; path = MOBase.h; sourceTree = "<group>"; };
		90E188C01901869E00C900DF /* MOBase.m */ = {isa = PBXFileReference; fileEncoding = 4; lastKnownFileType = sourcecode.c.objc; path = MOBase.m; sourceTree = "<group>"; };
		90E188C2190186D600C900DF /* MOLogin.h */ = {isa = PBXFileReference; fileEncoding = 4; lastKnownFileType = sourcecode.c.h; path = MOLogin.h; sourceTree = "<group>"; };
		90E188C3190186D600C900DF /* MOLogin.m */ = {isa = PBXFileReference; fileEncoding = 4; lastKnownFileType = sourcecode.c.objc; path = MOLogin.m; sourceTree = "<group>"; };
		90E188C81901878000C900DF /* ApiKit.h */ = {isa = PBXFileReference; fileEncoding = 4; lastKnownFileType = sourcecode.c.h; path = ApiKit.h; sourceTree = "<group>"; };
		90E188C91901878000C900DF /* ApiKit.m */ = {isa = PBXFileReference; fileEncoding = 4; lastKnownFileType = sourcecode.c.objc; path = ApiKit.m; sourceTree = "<group>"; };
		90E188CD1901887600C900DF /* Constants.h */ = {isa = PBXFileReference; lastKnownFileType = sourcecode.c.h; path = Constants.h; sourceTree = "<group>"; };
		90E188CE19018CD700C900DF /* MOUserInfo.h */ = {isa = PBXFileReference; fileEncoding = 4; lastKnownFileType = sourcecode.c.h; path = MOUserInfo.h; sourceTree = "<group>"; };
		90E188CF19018CD700C900DF /* MOUserInfo.m */ = {isa = PBXFileReference; fileEncoding = 4; lastKnownFileType = sourcecode.c.objc; path = MOUserInfo.m; sourceTree = "<group>"; };
		90E188D119018F6400C900DF /* RegisterViewController.h */ = {isa = PBXFileReference; fileEncoding = 4; lastKnownFileType = sourcecode.c.h; path = RegisterViewController.h; sourceTree = "<group>"; };
		90E188D219018F6400C900DF /* RegisterViewController.m */ = {isa = PBXFileReference; fileEncoding = 4; lastKnownFileType = sourcecode.c.objc; path = RegisterViewController.m; sourceTree = "<group>"; };
		90E188D419018F7000C900DF /* LoginViewController.h */ = {isa = PBXFileReference; fileEncoding = 4; lastKnownFileType = sourcecode.c.h; path = LoginViewController.h; sourceTree = "<group>"; };
		90E188D519018F7000C900DF /* LoginViewController.m */ = {isa = PBXFileReference; fileEncoding = 4; lastKnownFileType = sourcecode.c.objc; path = LoginViewController.m; sourceTree = "<group>"; };
/* End PBXFileReference section */

/* Begin PBXFrameworksBuildPhase section */
		904DBB9B18FEAFF800A523DA /* Frameworks */ = {
			isa = PBXFrameworksBuildPhase;
			buildActionMask = 2147483647;
			files = (
				904DBBA418FEAFF900A523DA /* CoreGraphics.framework in Frameworks */,
				904DBBA618FEAFF900A523DA /* UIKit.framework in Frameworks */,
				904DBBA218FEAFF800A523DA /* Foundation.framework in Frameworks */,
				BB3F3153392F4F87826DF513 /* libPods.a in Frameworks */,
			);
			runOnlyForDeploymentPostprocessing = 0;
		};
		904DBBBF18FEAFF900A523DA /* Frameworks */ = {
			isa = PBXFrameworksBuildPhase;
			buildActionMask = 2147483647;
			files = (
				904DBBC418FEAFF900A523DA /* XCTest.framework in Frameworks */,
				904DBBC618FEAFF900A523DA /* UIKit.framework in Frameworks */,
				904DBBC518FEAFF900A523DA /* Foundation.framework in Frameworks */,
			);
			runOnlyForDeploymentPostprocessing = 0;
		};
/* End PBXFrameworksBuildPhase section */

/* Begin PBXGroup section */
		904DBB9518FEAFF800A523DA = {
			isa = PBXGroup;
			children = (
				904DBBA718FEAFF900A523DA /* iWant */,
				904DBBC918FEAFF900A523DA /* iWantTests */,
				904DBBA018FEAFF800A523DA /* Frameworks */,
				904DBB9F18FEAFF800A523DA /* Products */,
				85B82DE3960D46C296884F0E /* Pods.xcconfig */,
			);
			sourceTree = "<group>";
		};
		904DBB9F18FEAFF800A523DA /* Products */ = {
			isa = PBXGroup;
			children = (
				904DBB9E18FEAFF800A523DA /* iWant.app */,
				904DBBC218FEAFF900A523DA /* iWantTests.xctest */,
			);
			name = Products;
			sourceTree = "<group>";
		};
		904DBBA018FEAFF800A523DA /* Frameworks */ = {
			isa = PBXGroup;
			children = (
				904DBBA118FEAFF800A523DA /* Foundation.framework */,
				904DBBA318FEAFF900A523DA /* CoreGraphics.framework */,
				904DBBA518FEAFF900A523DA /* UIKit.framework */,
				904DBBC318FEAFF900A523DA /* XCTest.framework */,
				457860DC5B0F4647ACB41601 /* libPods.a */,
			);
			name = Frameworks;
			sourceTree = "<group>";
		};
		904DBBA718FEAFF900A523DA /* iWant */ = {
			isa = PBXGroup;
			children = (
				904DBBB018FEAFF900A523DA /* AppDelegate.h */,
				904DBBB118FEAFF900A523DA /* AppDelegate.m */,
				90E188BC1901867900C900DF /* Models */,
				90E188BE1901867900C900DF /* Views */,
				904DBBEE18FEB5EB00A523DA /* ViewControllers */,
				90E188BD1901867900C900DF /* Network */,
				90E188CC190187FD00C900DF /* Constants */,
				90E188CB190187EA00C900DF /* Utilities */,
				90E188BB1901867900C900DF /* External */,
				904DBBDB18FEB5EB00A523DA /* Resources */,
				904DBBB318FEAFF900A523DA /* Main.storyboard */,
				904DBBA818FEAFF900A523DA /* Supporting Files */,
			);
			path = iWant;
			sourceTree = "<group>";
		};
		904DBBA818FEAFF900A523DA /* Supporting Files */ = {
			isa = PBXGroup;
			children = (
				904DBBA918FEAFF900A523DA /* iWant-Info.plist */,
				904DBBAA18FEAFF900A523DA /* InfoPlist.strings */,
				904DBBAD18FEAFF900A523DA /* main.m */,
				904DBBAF18FEAFF900A523DA /* iWant-Prefix.pch */,
			);
			name = "Supporting Files";
			sourceTree = "<group>";
		};
		904DBBC918FEAFF900A523DA /* iWantTests */ = {
			isa = PBXGroup;
			children = (
				904DBBCF18FEAFF900A523DA /* iWantTests.m */,
				904DBBCA18FEAFF900A523DA /* Supporting Files */,
			);
			path = iWantTests;
			sourceTree = "<group>";
		};
		904DBBCA18FEAFF900A523DA /* Supporting Files */ = {
			isa = PBXGroup;
			children = (
				904DBBCB18FEAFF900A523DA /* iWantTests-Info.plist */,
				904DBBCC18FEAFF900A523DA /* InfoPlist.strings */,
			);
			name = "Supporting Files";
			sourceTree = "<group>";
		};
		904DBBDB18FEB5EB00A523DA /* Resources */ = {
			isa = PBXGroup;
			children = (
				904DBBDC18FEB5EB00A523DA /* Images */,
			);
			path = Resources;
			sourceTree = "<group>";
		};
		904DBBDC18FEB5EB00A523DA /* Images */ = {
			isa = PBXGroup;
			children = (
				904DBBDD18FEB5EB00A523DA /* Default-568h@2x.png */,
				904DBBDE18FEB5EB00A523DA /* Default.png */,
				904DBBDF18FEB5EB00A523DA /* Default@2x.png */,
				904DBBE018FEB5EB00A523DA /* Icon-60.png */,
				904DBBE118FEB5EB00A523DA /* Icon-60@2x.png */,
				904DBBE218FEB5EB00A523DA /* Icon-72.png */,
				904DBBE318FEB5EB00A523DA /* Icon-72@2x.png */,
				904DBBE418FEB5EB00A523DA /* Icon-76.png */,
				904DBBE518FEB5EB00A523DA /* Icon-76@2x.png */,
				904DBBE618FEB5EB00A523DA /* Icon-Small-50.png */,
				904DBBE718FEB5EB00A523DA /* Icon-Small-50@2x.png */,
				904DBBE818FEB5EB00A523DA /* Icon-Small.png */,
				904DBBE918FEB5EB00A523DA /* Icon-Small@2x.png */,
				904DBBEA18FEB5EB00A523DA /* Icon-Spotlight-40.png */,
				904DBBEB18FEB5EB00A523DA /* Icon-Spotlight-40@2x.png */,
				904DBBEC18FEB5EB00A523DA /* Icon.png */,
				904DBBED18FEB5EB00A523DA /* Icon@2x.png */,
			);
			path = Images;
			sourceTree = "<group>";
		};
		904DBBEE18FEB5EB00A523DA /* ViewControllers */ = {
			isa = PBXGroup;
			children = (
				904DBC0018FEB66C00A523DA /* BaseViewController.h */,
				904DBC0118FEB66C00A523DA /* BaseViewController.m */,
				904DBC0318FEB6B200A523DA /* NearByNeedsViewController.h */,
				904DBC0418FEB6B200A523DA /* NearByNeedsViewController.m */,
				904DBC0618FEB6D000A523DA /* MyNeedsViewController.h */,
				904DBC0718FEB6D000A523DA /* MyNeedsViewController.m */,
				904DBC0918FEB6DD00A523DA /* SettingsViewController.h */,
				904DBC0A18FEB6DD00A523DA /* SettingsViewController.m */,
				90E188D119018F6400C900DF /* RegisterViewController.h */,
				90E188D219018F6400C900DF /* RegisterViewController.m */,
				90E188D419018F7000C900DF /* LoginViewController.h */,
				90E188D519018F7000C900DF /* LoginViewController.m */,
				90CCF2261906A7E700D6064A /* ProfileViewController.h */,
				90CCF2271906A7E700D6064A /* ProfileViewController.m */,
				90CCF220190699F300D6064A /* UpdateProfileViewController.h */,
				90CCF221190699F300D6064A /* UpdateProfileViewController.m */,
				90CCF2231906A3AE00D6064A /* UpdatePasswordViewController.h */,
				90CCF2241906A3AE00D6064A /* UpdatePasswordViewController.m */,
			);
			path = ViewControllers;
			sourceTree = "<group>";
		};
		90E188BB1901867900C900DF /* External */ = {
			isa = PBXGroup;
			children = (
			);
			path = External;
			sourceTree = "<group>";
		};
		90E188BC1901867900C900DF /* Models */ = {
			isa = PBXGroup;
			children = (
				90E188BF1901869E00C900DF /* MOBase.h */,
				90E188C01901869E00C900DF /* MOBase.m */,
				90E188C2190186D600C900DF /* MOLogin.h */,
				90E188C3190186D600C900DF /* MOLogin.m */,
				90E188CE19018CD700C900DF /* MOUserInfo.h */,
				90E188CF19018CD700C900DF /* MOUserInfo.m */,
			);
			path = Models;
			sourceTree = "<group>";
		};
		90E188BD1901867900C900DF /* Network */ = {
			isa = PBXGroup;
			children = (
				90E188C81901878000C900DF /* ApiKit.h */,
				90E188C91901878000C900DF /* ApiKit.m */,
			);
			path = Network;
			sourceTree = "<group>";
		};
		90E188BE1901867900C900DF /* Views */ = {
			isa = PBXGroup;
			children = (
			);
			path = Views;
			sourceTree = "<group>";
		};
		90E188CB190187EA00C900DF /* Utilities */ = {
			isa = PBXGroup;
			children = (
			);
			path = Utilities;
			sourceTree = "<group>";
		};
		90E188CC190187FD00C900DF /* Constants */ = {
			isa = PBXGroup;
			children = (
				90E188CD1901887600C900DF /* Constants.h */,
			);
			path = Constants;
			sourceTree = "<group>";
		};
/* End PBXGroup section */

/* Begin PBXNativeTarget section */
		904DBB9D18FEAFF800A523DA /* iWant */ = {
			isa = PBXNativeTarget;
			buildConfigurationList = 904DBBD318FEAFF900A523DA /* Build configuration list for PBXNativeTarget "iWant" */;
			buildPhases = (
				9C229331BC2640F0830F9930 /* Check Pods Manifest.lock */,
				904DBB9A18FEAFF800A523DA /* Sources */,
				904DBB9B18FEAFF800A523DA /* Frameworks */,
				904DBB9C18FEAFF800A523DA /* Resources */,
				71612AF755764A4ABDB9A852 /* Copy Pods Resources */,
			);
			buildRules = (
			);
			dependencies = (
			);
			name = iWant;
			productName = iWant;
			productReference = 904DBB9E18FEAFF800A523DA /* iWant.app */;
			productType = "com.apple.product-type.application";
		};
		904DBBC118FEAFF900A523DA /* iWantTests */ = {
			isa = PBXNativeTarget;
			buildConfigurationList = 904DBBD618FEAFF900A523DA /* Build configuration list for PBXNativeTarget "iWantTests" */;
			buildPhases = (
				904DBBBE18FEAFF900A523DA /* Sources */,
				904DBBBF18FEAFF900A523DA /* Frameworks */,
				904DBBC018FEAFF900A523DA /* Resources */,
			);
			buildRules = (
			);
			dependencies = (
				904DBBC818FEAFF900A523DA /* PBXTargetDependency */,
			);
			name = iWantTests;
			productName = iWantTests;
			productReference = 904DBBC218FEAFF900A523DA /* iWantTests.xctest */;
			productType = "com.apple.product-type.bundle.unit-test";
		};
/* End PBXNativeTarget section */

/* Begin PBXProject section */
		904DBB9618FEAFF800A523DA /* Project object */ = {
			isa = PBXProject;
			attributes = {
				LastUpgradeCheck = 0510;
				ORGANIZATIONNAME = SenseForce;
				TargetAttributes = {
					904DBBC118FEAFF900A523DA = {
						TestTargetID = 904DBB9D18FEAFF800A523DA;
					};
				};
			};
			buildConfigurationList = 904DBB9918FEAFF800A523DA /* Build configuration list for PBXProject "iWant" */;
			compatibilityVersion = "Xcode 3.2";
			developmentRegion = English;
			hasScannedForEncodings = 0;
			knownRegions = (
				en,
				Base,
				"zh-Hans",
			);
			mainGroup = 904DBB9518FEAFF800A523DA;
			productRefGroup = 904DBB9F18FEAFF800A523DA /* Products */;
			projectDirPath = "";
			projectRoot = "";
			targets = (
				904DBB9D18FEAFF800A523DA /* iWant */,
				904DBBC118FEAFF900A523DA /* iWantTests */,
			);
		};
/* End PBXProject section */

/* Begin PBXResourcesBuildPhase section */
		904DBB9C18FEAFF800A523DA /* Resources */ = {
			isa = PBXResourcesBuildPhase;
			buildActionMask = 2147483647;
			files = (
				904DBBF118FEB5EB00A523DA /* Default@2x.png in Resources */,
				904DBBAC18FEAFF900A523DA /* InfoPlist.strings in Resources */,
				904DBBF918FEB5EB00A523DA /* Icon-Small-50@2x.png in Resources */,
				904DBBF518FEB5EB00A523DA /* Icon-72@2x.png in Resources */,
				904DBBF418FEB5EB00A523DA /* Icon-72.png in Resources */,
				904DBBEF18FEB5EB00A523DA /* Default-568h@2x.png in Resources */,
				904DBBF618FEB5EB00A523DA /* Icon-76.png in Resources */,
				904DBBFA18FEB5EB00A523DA /* Icon-Small.png in Resources */,
				904DBBFF18FEB5EB00A523DA /* Icon@2x.png in Resources */,
				904DBBB518FEAFF900A523DA /* Main.storyboard in Resources */,
				904DBBFE18FEB5EB00A523DA /* Icon.png in Resources */,
				904DBBFD18FEB5EB00A523DA /* Icon-Spotlight-40@2x.png in Resources */,
				904DBBF818FEB5EB00A523DA /* Icon-Small-50.png in Resources */,
				904DBBF218FEB5EB00A523DA /* Icon-60.png in Resources */,
				904DBBF018FEB5EB00A523DA /* Default.png in Resources */,
				904DBBFB18FEB5EB00A523DA /* Icon-Small@2x.png in Resources */,
				904DBBF718FEB5EB00A523DA /* Icon-76@2x.png in Resources */,
				904DBBFC18FEB5EB00A523DA /* Icon-Spotlight-40.png in Resources */,
				904DBBF318FEB5EB00A523DA /* Icon-60@2x.png in Resources */,
			);
			runOnlyForDeploymentPostprocessing = 0;
		};
		904DBBC018FEAFF900A523DA /* Resources */ = {
			isa = PBXResourcesBuildPhase;
			buildActionMask = 2147483647;
			files = (
				904DBBCE18FEAFF900A523DA /* InfoPlist.strings in Resources */,
			);
			runOnlyForDeploymentPostprocessing = 0;
		};
/* End PBXResourcesBuildPhase section */

/* Begin PBXShellScriptBuildPhase section */
		71612AF755764A4ABDB9A852 /* Copy Pods Resources */ = {
			isa = PBXShellScriptBuildPhase;
			buildActionMask = 2147483647;
			files = (
			);
			inputPaths = (
			);
			name = "Copy Pods Resources";
			outputPaths = (
			);
			runOnlyForDeploymentPostprocessing = 0;
			shellPath = /bin/sh;
			shellScript = "\"${SRCROOT}/Pods/Pods-resources.sh\"\n";
			showEnvVarsInLog = 0;
		};
		9C229331BC2640F0830F9930 /* Check Pods Manifest.lock */ = {
			isa = PBXShellScriptBuildPhase;
			buildActionMask = 2147483647;
			files = (
			);
			inputPaths = (
			);
			name = "Check Pods Manifest.lock";
			outputPaths = (
			);
			runOnlyForDeploymentPostprocessing = 0;
			shellPath = /bin/sh;
			shellScript = "diff \"${PODS_ROOT}/../Podfile.lock\" \"${PODS_ROOT}/Manifest.lock\" > /dev/null\nif [[ $? != 0 ]] ; then\n    cat << EOM\nerror: The sandbox is not in sync with the Podfile.lock. Run 'pod install' or update your CocoaPods installation.\nEOM\n    exit 1\nfi\n";
			showEnvVarsInLog = 0;
		};
/* End PBXShellScriptBuildPhase section */

/* Begin PBXSourcesBuildPhase section */
		904DBB9A18FEAFF800A523DA /* Sources */ = {
			isa = PBXSourcesBuildPhase;
			buildActionMask = 2147483647;
			files = (
				90E188D319018F6400C900DF /* RegisterViewController.m in Sources */,
				904DBC0818FEB6D000A523DA /* MyNeedsViewController.m in Sources */,
				90E188C4190186D600C900DF /* MOLogin.m in Sources */,
				90E188D019018CD700C900DF /* MOUserInfo.m in Sources */,
				90CCF2281906A7E700D6064A /* ProfileViewController.m in Sources */,
				90CCF2251906A3AE00D6064A /* UpdatePasswordViewController.m in Sources */,
				90CCF222190699F300D6064A /* UpdateProfileViewController.m in Sources */,
				904DBBB218FEAFF900A523DA /* AppDelegate.m in Sources */,
				90E188CA1901878000C900DF /* ApiKit.m in Sources */,
				904DBC0518FEB6B200A523DA /* NearByNeedsViewController.m in Sources */,
				904DBC0B18FEB6DD00A523DA /* SettingsViewController.m in Sources */,
				90E188D619018F7000C900DF /* LoginViewController.m in Sources */,
				904DBC0218FEB66C00A523DA /* BaseViewController.m in Sources */,
				90E188C11901869E00C900DF /* MOBase.m in Sources */,
				904DBBAE18FEAFF900A523DA /* main.m in Sources */,
			);
			runOnlyForDeploymentPostprocessing = 0;
		};
		904DBBBE18FEAFF900A523DA /* Sources */ = {
			isa = PBXSourcesBuildPhase;
			buildActionMask = 2147483647;
			files = (
				904DBBD018FEAFF900A523DA /* iWantTests.m in Sources */,
			);
			runOnlyForDeploymentPostprocessing = 0;
		};
/* End PBXSourcesBuildPhase section */

/* Begin PBXTargetDependency section */
		904DBBC818FEAFF900A523DA /* PBXTargetDependency */ = {
			isa = PBXTargetDependency;
			target = 904DBB9D18FEAFF800A523DA /* iWant */;
			targetProxy = 904DBBC718FEAFF900A523DA /* PBXContainerItemProxy */;
		};
/* End PBXTargetDependency section */

/* Begin PBXVariantGroup section */
		904DBBAA18FEAFF900A523DA /* InfoPlist.strings */ = {
			isa = PBXVariantGroup;
			children = (
				904DBBAB18FEAFF900A523DA /* en */,
				904DBBD918FEB0AF00A523DA /* zh-Hans */,
			);
			name = InfoPlist.strings;
			sourceTree = "<group>";
		};
		904DBBB318FEAFF900A523DA /* Main.storyboard */ = {
			isa = PBXVariantGroup;
			children = (
				904DBBB418FEAFF900A523DA /* Base */,
			);
			name = Main.storyboard;
			sourceTree = "<group>";
		};
		904DBBCC18FEAFF900A523DA /* InfoPlist.strings */ = {
			isa = PBXVariantGroup;
			children = (
				904DBBCD18FEAFF900A523DA /* en */,
			);
			name = InfoPlist.strings;
			sourceTree = "<group>";
		};
/* End PBXVariantGroup section */

/* Begin XCBuildConfiguration section */
		904DBBD118FEAFF900A523DA /* Debug */ = {
			isa = XCBuildConfiguration;
			buildSettings = {
				ALWAYS_SEARCH_USER_PATHS = NO;
				CLANG_CXX_LANGUAGE_STANDARD = "gnu++0x";
				CLANG_CXX_LIBRARY = "libc++";
				CLANG_ENABLE_MODULES = YES;
				CLANG_ENABLE_OBJC_ARC = YES;
				CLANG_WARN_BOOL_CONVERSION = YES;
				CLANG_WARN_CONSTANT_CONVERSION = YES;
				CLANG_WARN_DIRECT_OBJC_ISA_USAGE = YES_ERROR;
				CLANG_WARN_EMPTY_BODY = YES;
				CLANG_WARN_ENUM_CONVERSION = YES;
				CLANG_WARN_INT_CONVERSION = YES;
				CLANG_WARN_OBJC_ROOT_CLASS = YES_ERROR;
				CLANG_WARN__DUPLICATE_METHOD_MATCH = YES;
				"CODE_SIGN_IDENTITY[sdk=iphoneos*]" = "iPhone Developer";
				COPY_PHASE_STRIP = NO;
				GCC_C_LANGUAGE_STANDARD = gnu99;
				GCC_DYNAMIC_NO_PIC = NO;
				GCC_OPTIMIZATION_LEVEL = 0;
				GCC_PREPROCESSOR_DEFINITIONS = (
					"DEBUG=1",
					"$(inherited)",
				);
				GCC_SYMBOLS_PRIVATE_EXTERN = NO;
				GCC_WARN_64_TO_32_BIT_CONVERSION = YES;
				GCC_WARN_ABOUT_RETURN_TYPE = YES_ERROR;
				GCC_WARN_UNDECLARED_SELECTOR = YES;
				GCC_WARN_UNINITIALIZED_AUTOS = YES_AGGRESSIVE;
				GCC_WARN_UNUSED_FUNCTION = YES;
				GCC_WARN_UNUSED_VARIABLE = YES;
				IPHONEOS_DEPLOYMENT_TARGET = 7.1;
				ONLY_ACTIVE_ARCH = YES;
				SDKROOT = iphoneos;
			};
			name = Debug;
		};
		904DBBD218FEAFF900A523DA /* Release */ = {
			isa = XCBuildConfiguration;
			buildSettings = {
				ALWAYS_SEARCH_USER_PATHS = NO;
				CLANG_CXX_LANGUAGE_STANDARD = "gnu++0x";
				CLANG_CXX_LIBRARY = "libc++";
				CLANG_ENABLE_MODULES = YES;
				CLANG_ENABLE_OBJC_ARC = YES;
				CLANG_WARN_BOOL_CONVERSION = YES;
				CLANG_WARN_CONSTANT_CONVERSION = YES;
				CLANG_WARN_DIRECT_OBJC_ISA_USAGE = YES_ERROR;
				CLANG_WARN_EMPTY_BODY = YES;
				CLANG_WARN_ENUM_CONVERSION = YES;
				CLANG_WARN_INT_CONVERSION = YES;
				CLANG_WARN_OBJC_ROOT_CLASS = YES_ERROR;
				CLANG_WARN__DUPLICATE_METHOD_MATCH = YES;
				"CODE_SIGN_IDENTITY[sdk=iphoneos*]" = "iPhone Developer";
				COPY_PHASE_STRIP = YES;
				ENABLE_NS_ASSERTIONS = NO;
				GCC_C_LANGUAGE_STANDARD = gnu99;
				GCC_WARN_64_TO_32_BIT_CONVERSION = YES;
				GCC_WARN_ABOUT_RETURN_TYPE = YES_ERROR;
				GCC_WARN_UNDECLARED_SELECTOR = YES;
				GCC_WARN_UNINITIALIZED_AUTOS = YES_AGGRESSIVE;
				GCC_WARN_UNUSED_FUNCTION = YES;
				GCC_WARN_UNUSED_VARIABLE = YES;
				IPHONEOS_DEPLOYMENT_TARGET = 7.1;
				SDKROOT = iphoneos;
				VALIDATE_PRODUCT = YES;
			};
			name = Release;
		};
		904DBBD418FEAFF900A523DA /* Debug */ = {
			isa = XCBuildConfiguration;
			baseConfigurationReference = 85B82DE3960D46C296884F0E /* Pods.xcconfig */;
			buildSettings = {
				GCC_PRECOMPILE_PREFIX_HEADER = YES;
				GCC_PREFIX_HEADER = "iWant/iWant-Prefix.pch";
				INFOPLIST_FILE = "iWant/iWant-Info.plist";
				IPHONEOS_DEPLOYMENT_TARGET = 6.0;
				PRODUCT_NAME = "$(TARGET_NAME)";
				WRAPPER_EXTENSION = app;
			};
			name = Debug;
		};
		904DBBD518FEAFF900A523DA /* Release */ = {
			isa = XCBuildConfiguration;
			baseConfigurationReference = 85B82DE3960D46C296884F0E /* Pods.xcconfig */;
			buildSettings = {
				GCC_PRECOMPILE_PREFIX_HEADER = YES;
				GCC_PREFIX_HEADER = "iWant/iWant-Prefix.pch";
				INFOPLIST_FILE = "iWant/iWant-Info.plist";
				IPHONEOS_DEPLOYMENT_TARGET = 6.0;
				PRODUCT_NAME = "$(TARGET_NAME)";
				WRAPPER_EXTENSION = app;
			};
			name = Release;
		};
		904DBBD718FEAFF900A523DA /* Debug */ = {
			isa = XCBuildConfiguration;
			buildSettings = {
				BUNDLE_LOADER = "$(BUILT_PRODUCTS_DIR)/iWant.app/iWant";
				FRAMEWORK_SEARCH_PATHS = (
					"$(SDKROOT)/Developer/Library/Frameworks",
					"$(inherited)",
					"$(DEVELOPER_FRAMEWORKS_DIR)",
				);
				GCC_PRECOMPILE_PREFIX_HEADER = YES;
				GCC_PREFIX_HEADER = "iWant/iWant-Prefix.pch";
				GCC_PREPROCESSOR_DEFINITIONS = (
					"DEBUG=1",
					"$(inherited)",
				);
				INFOPLIST_FILE = "iWantTests/iWantTests-Info.plist";
				PRODUCT_NAME = "$(TARGET_NAME)";
				TEST_HOST = "$(BUNDLE_LOADER)";
				WRAPPER_EXTENSION = xctest;
			};
			name = Debug;
		};
		904DBBD818FEAFF900A523DA /* Release */ = {
			isa = XCBuildConfiguration;
			buildSettings = {
				BUNDLE_LOADER = "$(BUILT_PRODUCTS_DIR)/iWant.app/iWant";
				FRAMEWORK_SEARCH_PATHS = (
					"$(SDKROOT)/Developer/Library/Frameworks",
					"$(inherited)",
					"$(DEVELOPER_FRAMEWORKS_DIR)",
				);
				GCC_PRECOMPILE_PREFIX_HEADER = YES;
				GCC_PREFIX_HEADER = "iWant/iWant-Prefix.pch";
				INFOPLIST_FILE = "iWantTests/iWantTests-Info.plist";
				PRODUCT_NAME = "$(TARGET_NAME)";
				TEST_HOST = "$(BUNDLE_LOADER)";
				WRAPPER_EXTENSION = xctest;
			};
			name = Release;
		};
/* End XCBuildConfiguration section */

/* Begin XCConfigurationList section */
		904DBB9918FEAFF800A523DA /* Build configuration list for PBXProject "iWant" */ = {
			isa = XCConfigurationList;
			buildConfigurations = (
				904DBBD118FEAFF900A523DA /* Debug */,
				904DBBD218FEAFF900A523DA /* Release */,
			);
			defaultConfigurationIsVisible = 0;
			defaultConfigurationName = Release;
		};
		904DBBD318FEAFF900A523DA /* Build configuration list for PBXNativeTarget "iWant" */ = {
			isa = XCConfigurationList;
			buildConfigurations = (
				904DBBD418FEAFF900A523DA /* Debug */,
				904DBBD518FEAFF900A523DA /* Release */,
			);
			defaultConfigurationIsVisible = 0;
			defaultConfigurationName = Release;
		};
		904DBBD618FEAFF900A523DA /* Build configuration list for PBXNativeTarget "iWantTests" */ = {
			isa = XCConfigurationList;
			buildConfigurations = (
				904DBBD718FEAFF900A523DA /* Debug */,
				904DBBD818FEAFF900A523DA /* Release */,
			);
			defaultConfigurationIsVisible = 0;
			defaultConfigurationName = Release;
		};
/* End XCConfigurationList section */
	};
	rootObject = 904DBB9618FEAFF800A523DA /* Project object */;
}
